
Microsoft Visual Studio Solution File, Format Version 12.00
# Visual Studio Version 16
VisualStudioVersion = 16.0.28803.202
MinimumVisualStudioVersion = 15.0.26124.0
Project("{2150E333-8FDC-42A3-9474-1A3956D46DE8}") = "Seed", "Seed", "{A437B618-81EB-461B-AA7C-9757F9381700}"
EndProject
Project("{9A19103F-16F7-4668-BE54-9A1E7A4F7556}") = "Seed.IO", "Seed.IO\Source\Seed.IO\Seed.IO.csproj", "{6ECCF0C6-589F-476E-954B-DCCC70C2475E}"
EndProject
Project("{9A19103F-16F7-4668-BE54-9A1E7A4F7556}") = "Seed.IO.Tests", "Seed.IO\Source\Seed.IO.Tests\Seed.IO.Tests.csproj", "{E1DE9010-6C66-44A2-A097-B0C52705EBC8}"
EndProject
Project("{9A19103F-16F7-4668-BE54-9A1E7A4F7556}") = "Weaver.Core", "Weaver.Core\Weaver.Core.csproj", "{B9FD5A77-7C91-4D9F-8633-73F4BB70F6C4}"
EndProject
Project("{9A19103F-16F7-4668-BE54-9A1E7A4F7556}") = "Weaver.Contracts", "Weaver.Contracts\Weaver.Contracts.csproj", "{9027E1A9-6177-4F99-B0D7-345D333ED1B2}"
EndProject
Project("{9A19103F-16F7-4668-BE54-9A1E7A4F7556}") = "Weaver", "Weaver\Weaver.csproj", "{26039B82-352A-44D7-AEF6-BCBC780C5E57}"
EndProject
Project("{FAE04EC0-301F-11D3-BF4B-00C04F79EFBC}") = "Weaver.Unity", "Weaver.Unity\Weaver.Unity.csproj", "{10360B09-8E97-4FE5-A77F-638B835C99A7}"
EndProject
Project("{FAE04EC0-301F-11D3-BF4B-00C04F79EFBC}") = "Weaver.Tests", "Weaver.Tests\Weaver.Tests.csproj", "{18B990D8-2396-4E66-A7C5-F79F66243366}"
EndProject
Project("{2150E333-8FDC-42A3-9474-1A3956D46DE8}") = "Addins", "Addins", "{229F56B0-2BED-4B89-8B47-0E2F2F8ED141}"
EndProject
Project("{FAE04EC0-301F-11D3-BF4B-00C04F79EFBC}") = "Weaver.Addin.MethodTimer", "Weaver.Addin.MethodTimer\Weaver.Addin.MethodTimer.csproj", "{1AB17355-86E7-4B31-9D48-8DE260F5130C}"
EndProject
Project("{FAE04EC0-301F-11D3-BF4B-00C04F79EFBC}") = "Weaver.Addin.OnChanged", "Weaver.Addin.OnChanged\Weaver.Addin.OnChanged.csproj", "{23EB6D83-2183-409D-9303-50C47AFD7505}"
EndProject
Project("{FAE04EC0-301F-11D3-BF4B-00C04F79EFBC}") = "Weaver.Addin.ProfileSample", "Weaver.Addin.ProfileSample\Weaver.Addin.ProfileSample.csproj", "{1BF3BE30-7D73-46DF-B72D-12098F168E52}"
EndProject
Project("{FAE04EC0-301F-11D3-BF4B-00C04F79EFBC}") = "Weaver.Addin.MethodLog", "Weaver.Addin.MethodLog\Weaver.Addin.MethodLog.csproj", "{F707EC09-6D1C-45C3-995B-27FFF9CCC598}"
EndProject
Global
	GlobalSection(SolutionConfigurationPlatforms) = preSolution
		Debug|Any CPU = Debug|Any CPU
		Debug|x64 = Debug|x64
		Debug|x86 = Debug|x86
		Release|Any CPU = Release|Any CPU
		Release|x64 = Release|x64
		Release|x86 = Release|x86
	EndGlobalSection
	GlobalSection(ProjectConfigurationPlatforms) = postSolution
		{6ECCF0C6-589F-476E-954B-DCCC70C2475E}.Debug|Any CPU.ActiveCfg = Debug|Any CPU
		{6ECCF0C6-589F-476E-954B-DCCC70C2475E}.Debug|Any CPU.Build.0 = Debug|Any CPU
		{6ECCF0C6-589F-476E-954B-DCCC70C2475E}.Debug|x64.ActiveCfg = Debug|Any CPU
		{6ECCF0C6-589F-476E-954B-DCCC70C2475E}.Debug|x64.Build.0 = Debug|Any CPU
		{6ECCF0C6-589F-476E-954B-DCCC70C2475E}.Debug|x86.ActiveCfg = Debug|Any CPU
		{6ECCF0C6-589F-476E-954B-DCCC70C2475E}.Debug|x86.Build.0 = Debug|Any CPU
		{6ECCF0C6-589F-476E-954B-DCCC70C2475E}.Release|Any CPU.ActiveCfg = Release|Any CPU
		{6ECCF0C6-589F-476E-954B-DCCC70C2475E}.Release|Any CPU.Build.0 = Release|Any CPU
		{6ECCF0C6-589F-476E-954B-DCCC70C2475E}.Release|x64.ActiveCfg = Release|Any CPU
		{6ECCF0C6-589F-476E-954B-DCCC70C2475E}.Release|x64.Build.0 = Release|Any CPU
		{6ECCF0C6-589F-476E-954B-DCCC70C2475E}.Release|x86.ActiveCfg = Release|Any CPU
		{6ECCF0C6-589F-476E-954B-DCCC70C2475E}.Release|x86.Build.0 = Release|Any CPU
		{E1DE9010-6C66-44A2-A097-B0C52705EBC8}.Debug|Any CPU.ActiveCfg = Debug|Any CPU
		{E1DE9010-6C66-44A2-A097-B0C52705EBC8}.Debug|Any CPU.Build.0 = Debug|Any CPU
		{E1DE9010-6C66-44A2-A097-B0C52705EBC8}.Debug|x64.ActiveCfg = Debug|Any CPU
		{E1DE9010-6C66-44A2-A097-B0C52705EBC8}.Debug|x64.Build.0 = Debug|Any CPU
		{E1DE9010-6C66-44A2-A097-B0C52705EBC8}.Debug|x86.ActiveCfg = Debug|Any CPU
		{E1DE9010-6C66-44A2-A097-B0C52705EBC8}.Debug|x86.Build.0 = Debug|Any CPU
		{E1DE9010-6C66-44A2-A097-B0C52705EBC8}.Release|Any CPU.ActiveCfg = Release|Any CPU
		{E1DE9010-6C66-44A2-A097-B0C52705EBC8}.Release|Any CPU.Build.0 = Release|Any CPU
		{E1DE9010-6C66-44A2-A097-B0C52705EBC8}.Release|x64.ActiveCfg = Release|Any CPU
		{E1DE9010-6C66-44A2-A097-B0C52705EBC8}.Release|x64.Build.0 = Release|Any CPU
		{E1DE9010-6C66-44A2-A097-B0C52705EBC8}.Release|x86.ActiveCfg = Release|Any CPU
		{E1DE9010-6C66-44A2-A097-B0C52705EBC8}.Release|x86.Build.0 = Release|Any CPU
		{B9FD5A77-7C91-4D9F-8633-73F4BB70F6C4}.Debug|Any CPU.ActiveCfg = Debug|Any CPU
		{B9FD5A77-7C91-4D9F-8633-73F4BB70F6C4}.Debug|Any CPU.Build.0 = Debug|Any CPU
		{B9FD5A77-7C91-4D9F-8633-73F4BB70F6C4}.Debug|x64.ActiveCfg = Debug|Any CPU
		{B9FD5A77-7C91-4D9F-8633-73F4BB70F6C4}.Debug|x64.Build.0 = Debug|Any CPU
		{B9FD5A77-7C91-4D9F-8633-73F4BB70F6C4}.Debug|x86.ActiveCfg = Debug|Any CPU
		{B9FD5A77-7C91-4D9F-8633-73F4BB70F6C4}.Debug|x86.Build.0 = Debug|Any CPU
		{B9FD5A77-7C91-4D9F-8633-73F4BB70F6C4}.Release|Any CPU.ActiveCfg = Release|Any CPU
		{B9FD5A77-7C91-4D9F-8633-73F4BB70F6C4}.Release|Any CPU.Build.0 = Release|Any CPU
		{B9FD5A77-7C91-4D9F-8633-73F4BB70F6C4}.Release|x64.ActiveCfg = Release|Any CPU
		{B9FD5A77-7C91-4D9F-8633-73F4BB70F6C4}.Release|x64.Build.0 = Release|Any CPU
		{B9FD5A77-7C91-4D9F-8633-73F4BB70F6C4}.Release|x86.ActiveCfg = Release|Any CPU
		{B9FD5A77-7C91-4D9F-8633-73F4BB70F6C4}.Release|x86.Build.0 = Release|Any CPU
		{9027E1A9-6177-4F99-B0D7-345D333ED1B2}.Debug|Any CPU.ActiveCfg = Debug|Any CPU
		{9027E1A9-6177-4F99-B0D7-345D333ED1B2}.Debug|Any CPU.Build.0 = Debug|Any CPU
		{9027E1A9-6177-4F99-B0D7-345D333ED1B2}.Debug|x64.ActiveCfg = Debug|Any CPU
		{9027E1A9-6177-4F99-B0D7-345D333ED1B2}.Debug|x64.Build.0 = Debug|Any CPU
		{9027E1A9-6177-4F99-B0D7-345D333ED1B2}.Debug|x86.ActiveCfg = Debug|Any CPU
		{9027E1A9-6177-4F99-B0D7-345D333ED1B2}.Debug|x86.Build.0 = Debug|Any CPU
		{9027E1A9-6177-4F99-B0D7-345D333ED1B2}.Release|Any CPU.ActiveCfg = Release|Any CPU
		{9027E1A9-6177-4F99-B0D7-345D333ED1B2}.Release|Any CPU.Build.0 = Release|Any CPU
		{9027E1A9-6177-4F99-B0D7-345D333ED1B2}.Release|x64.ActiveCfg = Release|Any CPU
		{9027E1A9-6177-4F99-B0D7-345D333ED1B2}.Release|x64.Build.0 = Release|Any CPU
		{9027E1A9-6177-4F99-B0D7-345D333ED1B2}.Release|x86.ActiveCfg = Release|Any CPU
		{9027E1A9-6177-4F99-B0D7-345D333ED1B2}.Release|x86.Build.0 = Release|Any CPU
		{26039B82-352A-44D7-AEF6-BCBC780C5E57}.Debug|Any CPU.ActiveCfg = Debug|Any CPU
		{26039B82-352A-44D7-AEF6-BCBC780C5E57}.Debug|Any CPU.Build.0 = Debug|Any CPU
		{26039B82-352A-44D7-AEF6-BCBC780C5E57}.Debug|x64.ActiveCfg = Debug|Any CPU
		{26039B82-352A-44D7-AEF6-BCBC780C5E57}.Debug|x64.Build.0 = Debug|Any CPU
		{26039B82-352A-44D7-AEF6-BCBC780C5E57}.Debug|x86.ActiveCfg = Debug|Any CPU
		{26039B82-352A-44D7-AEF6-BCBC780C5E57}.Debug|x86.Build.0 = Debug|Any CPU
		{26039B82-352A-44D7-AEF6-BCBC780C5E57}.Release|Any CPU.ActiveCfg = Release|Any CPU
		{26039B82-352A-44D7-AEF6-BCBC780C5E57}.Release|Any CPU.Build.0 = Release|Any CPU
		{26039B82-352A-44D7-AEF6-BCBC780C5E57}.Release|x64.ActiveCfg = Release|Any CPU
		{26039B82-352A-44D7-AEF6-BCBC780C5E57}.Release|x64.Build.0 = Release|Any CPU
		{26039B82-352A-44D7-AEF6-BCBC780C5E57}.Release|x86.ActiveCfg = Release|Any CPU
		{26039B82-352A-44D7-AEF6-BCBC780C5E57}.Release|x86.Build.0 = Release|Any CPU
		{10360B09-8E97-4FE5-A77F-638B835C99A7}.Debug|Any CPU.ActiveCfg = Debug|Any CPU
		{10360B09-8E97-4FE5-A77F-638B835C99A7}.Debug|Any CPU.Build.0 = Debug|Any CPU
		{10360B09-8E97-4FE5-A77F-638B835C99A7}.Debug|x64.ActiveCfg = Debug|Any CPU
		{10360B09-8E97-4FE5-A77F-638B835C99A7}.Debug|x64.Build.0 = Debug|Any CPU
		{10360B09-8E97-4FE5-A77F-638B835C99A7}.Debug|x86.ActiveCfg = Debug|Any CPU
		{10360B09-8E97-4FE5-A77F-638B835C99A7}.Debug|x86.Build.0 = Debug|Any CPU
		{10360B09-8E97-4FE5-A77F-638B835C99A7}.Release|Any CPU.ActiveCfg = Release|Any CPU
		{10360B09-8E97-4FE5-A77F-638B835C99A7}.Release|Any CPU.Build.0 = Release|Any CPU
		{10360B09-8E97-4FE5-A77F-638B835C99A7}.Release|x64.ActiveCfg = Release|Any CPU
		{10360B09-8E97-4FE5-A77F-638B835C99A7}.Release|x64.Build.0 = Release|Any CPU
		{10360B09-8E97-4FE5-A77F-638B835C99A7}.Release|x86.ActiveCfg = Release|Any CPU
		{10360B09-8E97-4FE5-A77F-638B835C99A7}.Release|x86.Build.0 = Release|Any CPU
		{18B990D8-2396-4E66-A7C5-F79F66243366}.Debug|Any CPU.ActiveCfg = Debug|Any CPU
		{18B990D8-2396-4E66-A7C5-F79F66243366}.Debug|Any CPU.Build.0 = Debug|Any CPU
		{18B990D8-2396-4E66-A7C5-F79F66243366}.Debug|x64.ActiveCfg = Debug|Any CPU
		{18B990D8-2396-4E66-A7C5-F79F66243366}.Debug|x64.Build.0 = Debug|Any CPU
		{18B990D8-2396-4E66-A7C5-F79F66243366}.Debug|x86.ActiveCfg = Debug|Any CPU
		{18B990D8-2396-4E66-A7C5-F79F66243366}.Debug|x86.Build.0 = Debug|Any CPU
		{18B990D8-2396-4E66-A7C5-F79F66243366}.Release|Any CPU.ActiveCfg = Release|Any CPU
		{18B990D8-2396-4E66-A7C5-F79F66243366}.Release|Any CPU.Build.0 = Release|Any CPU
		{18B990D8-2396-4E66-A7C5-F79F66243366}.Release|x64.ActiveCfg = Release|Any CPU
		{18B990D8-2396-4E66-A7C5-F79F66243366}.Release|x64.Build.0 = Release|Any CPU
		{18B990D8-2396-4E66-A7C5-F79F66243366}.Release|x86.ActiveCfg = Release|Any CPU
		{18B990D8-2396-4E66-A7C5-F79F66243366}.Release|x86.Build.0 = Release|Any CPU
		{1AB17355-86E7-4B31-9D48-8DE260F5130C}.Debug|Any CPU.ActiveCfg = Debug|Any CPU
		{1AB17355-86E7-4B31-9D48-8DE260F5130C}.Debug|Any CPU.Build.0 = Debug|Any CPU
		{1AB17355-86E7-4B31-9D48-8DE260F5130C}.Debug|x64.ActiveCfg = Debug|Any CPU
		{1AB17355-86E7-4B31-9D48-8DE260F5130C}.Debug|x64.Build.0 = Debug|Any CPU
		{1AB17355-86E7-4B31-9D48-8DE260F5130C}.Debug|x86.ActiveCfg = Debug|Any CPU
		{1AB17355-86E7-4B31-9D48-8DE260F5130C}.Debug|x86.Build.0 = Debug|Any CPU
		{1AB17355-86E7-4B31-9D48-8DE260F5130C}.Release|Any CPU.ActiveCfg = Release|Any CPU
		{1AB17355-86E7-4B31-9D48-8DE260F5130C}.Release|Any CPU.Build.0 = Release|Any CPU
		{1AB17355-86E7-4B31-9D48-8DE260F5130C}.Release|x64.ActiveCfg = Release|Any CPU
		{1AB17355-86E7-4B31-9D48-8DE260F5130C}.Release|x64.Build.0 = Release|Any CPU
		{1AB17355-86E7-4B31-9D48-8DE260F5130C}.Release|x86.ActiveCfg = Release|Any CPU
		{1AB17355-86E7-4B31-9D48-8DE260F5130C}.Release|x86.Build.0 = Release|Any CPU
		{23EB6D83-2183-409D-9303-50C47AFD7505}.Debug|Any CPU.ActiveCfg = Debug|Any CPU
		{23EB6D83-2183-409D-9303-50C47AFD7505}.Debug|Any CPU.Build.0 = Debug|Any CPU
		{23EB6D83-2183-409D-9303-50C47AFD7505}.Debug|x64.ActiveCfg = Debug|Any CPU
		{23EB6D83-2183-409D-9303-50C47AFD7505}.Debug|x64.Build.0 = Debug|Any CPU
		{23EB6D83-2183-409D-9303-50C47AFD7505}.Debug|x86.ActiveCfg = Debug|Any CPU
		{23EB6D83-2183-409D-9303-50C47AFD7505}.Debug|x86.Build.0 = Debug|Any CPU
		{23EB6D83-2183-409D-9303-50C47AFD7505}.Release|Any CPU.ActiveCfg = Release|Any CPU
		{23EB6D83-2183-409D-9303-50C47AFD7505}.Release|Any CPU.Build.0 = Release|Any CPU
		{23EB6D83-2183-409D-9303-50C47AFD7505}.Release|x64.ActiveCfg = Release|Any CPU
		{23EB6D83-2183-409D-9303-50C47AFD7505}.Release|x64.Build.0 = Release|Any CPU
		{23EB6D83-2183-409D-9303-50C47AFD7505}.Release|x86.ActiveCfg = Release|Any CPU
		{23EB6D83-2183-409D-9303-50C47AFD7505}.Release|x86.Build.0 = Release|Any CPU
		{1BF3BE30-7D73-46DF-B72D-12098F168E52}.Debug|Any CPU.ActiveCfg = Debug|Any CPU
		{1BF3BE30-7D73-46DF-B72D-12098F168E52}.Debug|Any CPU.Build.0 = Debug|Any CPU
		{1BF3BE30-7D73-46DF-B72D-12098F168E52}.Debug|x64.ActiveCfg = Debug|Any CPU
		{1BF3BE30-7D73-46DF-B72D-12098F168E52}.Debug|x64.Build.0 = Debug|Any CPU
		{1BF3BE30-7D73-46DF-B72D-12098F168E52}.Debug|x86.ActiveCfg = Debug|Any CPU
		{1BF3BE30-7D73-46DF-B72D-12098F168E52}.Debug|x86.Build.0 = Debug|Any CPU
		{1BF3BE30-7D73-46DF-B72D-12098F168E52}.Release|Any CPU.ActiveCfg = Release|Any CPU
		{1BF3BE30-7D73-46DF-B72D-12098F168E52}.Release|Any CPU.Build.0 = Release|Any CPU
		{1BF3BE30-7D73-46DF-B72D-12098F168E52}.Release|x64.ActiveCfg = Release|Any CPU
		{1BF3BE30-7D73-46DF-B72D-12098F168E52}.Release|x64.Build.0 = Release|Any CPU
		{1BF3BE30-7D73-46DF-B72D-12098F168E52}.Release|x86.ActiveCfg = Release|Any CPU
		{1BF3BE30-7D73-46DF-B72D-12098F168E52}.Release|x86.Build.0 = Release|Any CPU
		{F707EC09-6D1C-45C3-995B-27FFF9CCC598}.Debug|Any CPU.ActiveCfg = Debug|Any CPU
		{F707EC09-6D1C-45C3-995B-27FFF9CCC598}.Debug|Any CPU.Build.0 = Debug|Any CPU
		{F707EC09-6D1C-45C3-995B-27FFF9CCC598}.Debug|x64.ActiveCfg = Debug|Any CPU
		{F707EC09-6D1C-45C3-995B-27FFF9CCC598}.Debug|x64.Build.0 = Debug|Any CPU
		{F707EC09-6D1C-45C3-995B-27FFF9CCC598}.Debug|x86.ActiveCfg = Debug|Any CPU
		{F707EC09-6D1C-45C3-995B-27FFF9CCC598}.Debug|x86.Build.0 = Debug|Any CPU
		{F707EC09-6D1C-45C3-995B-27FFF9CCC598}.Release|Any CPU.ActiveCfg = Release|Any CPU
		{F707EC09-6D1C-45C3-995B-27FFF9CCC598}.Release|Any CPU.Build.0 = Release|Any CPU
		{F707EC09-6D1C-45C3-995B-27FFF9CCC598}.Release|x64.ActiveCfg = Release|Any CPU
		{F707EC09-6D1C-45C3-995B-27FFF9CCC598}.Release|x64.Build.0 = Release|Any CPU
		{F707EC09-6D1C-45C3-995B-27FFF9CCC598}.Release|x86.ActiveCfg = Release|Any CPU
		{F707EC09-6D1C-45C3-995B-27FFF9CCC598}.Release|x86.Build.0 = Release|Any CPU
	EndGlobalSection
	GlobalSection(SolutionProperties) = preSolution
		HideSolutionNode = FALSE
	EndGlobalSection
	GlobalSection(NestedProjects) = preSolution
		{6ECCF0C6-589F-476E-954B-DCCC70C2475E} = {A437B618-81EB-461B-AA7C-9757F9381700}
		{E1DE9010-6C66-44A2-A097-B0C52705EBC8} = {A437B618-81EB-461B-AA7C-9757F9381700}
		{1AB17355-86E7-4B31-9D48-8DE260F5130C} = {229F56B0-2BED-4B89-8B47-0E2F2F8ED141}
		{23EB6D83-2183-409D-9303-50C47AFD7505} = {229F56B0-2BED-4B89-8B47-0E2F2F8ED141}
		{1BF3BE30-7D73-46DF-B72D-12098F168E52} = {229F56B0-2BED-4B89-8B47-0E2F2F8ED141}
		{F707EC09-6D1C-45C3-995B-27FFF9CCC598} = {229F56B0-2BED-4B89-8B47-0E2F2F8ED141}
	EndGlobalSection
	GlobalSection(ExtensibilityGlobals) = postSolution
		SolutionGuid = {A26C089D-4D76-4C2C-A77F-3C73E2D384FE}
	EndGlobalSection
EndGlobal
